
Microsoft Visual Studio Solution File, Format Version 12.00
Project("{FAE04EC0-301F-11D3-BF4B-00C04F79EFBC}") = "TestImpactAnalysis", "TestImpactAnalysis\TestImpactAnalysis.csproj", "{33E0E892-E9C6-43AC-A10E-7EA6BBFC20BA}"
EndProject
Project("{FAE04EC0-301F-11D3-BF4B-00C04F79EFBC}") = "TestImpactAnalysis.IntegrationTests", "TestImpactAnalysis.IntegrationTests\TestImpactAnalysis.IntegrationTests.csproj", "{810EB25E-476F-4769-9A39-0E2D5790641A}"
EndProject
Project("{FAE04EC0-301F-11D3-BF4B-00C04F79EFBC}") = "ForTests", "ForTests\ForTests.csproj", "{8022C6EE-38C1-42C8-924A-9AA7E2334DF1}"
EndProject
Project("{FAE04EC0-301F-11D3-BF4B-00C04F79EFBC}") = "TestDiscoverer", "TestDiscoverer\TestDiscoverer.csproj", "{AE49054E-9426-4273-8B4F-F2212B6145C9}"
EndProject
Project("{FAE04EC0-301F-11D3-BF4B-00C04F79EFBC}") = "TestImpactAnalysis.Cli", "TestImpactAnalysis.Cli\TestImpactAnalysis.Cli.csproj", "{57743CC7-402D-4528-BB86-8C30FA4848D5}"
EndProject
Global
	GlobalSection(SolutionConfigurationPlatforms) = preSolution
		Debug|Any CPU = Debug|Any CPU
		Release|Any CPU = Release|Any CPU
	EndGlobalSection
	GlobalSection(ProjectConfigurationPlatforms) = postSolution
		{33E0E892-E9C6-43AC-A10E-7EA6BBFC20BA}.Debug|Any CPU.ActiveCfg = Debug|Any CPU
		{33E0E892-E9C6-43AC-A10E-7EA6BBFC20BA}.Debug|Any CPU.Build.0 = Debug|Any CPU
		{33E0E892-E9C6-43AC-A10E-7EA6BBFC20BA}.Release|Any CPU.ActiveCfg = Release|Any CPU
		{33E0E892-E9C6-43AC-A10E-7EA6BBFC20BA}.Release|Any CPU.Build.0 = Release|Any CPU
		{810EB25E-476F-4769-9A39-0E2D5790641A}.Debug|Any CPU.ActiveCfg = Debug|Any CPU
		{810EB25E-476F-4769-9A39-0E2D5790641A}.Debug|Any CPU.Build.0 = Debug|Any CPU
		{810EB25E-476F-4769-9A39-0E2D5790641A}.Release|Any CPU.ActiveCfg = Release|Any CPU
		{810EB25E-476F-4769-9A39-0E2D5790641A}.Release|Any CPU.Build.0 = Release|Any CPU
		{8022C6EE-38C1-42C8-924A-9AA7E2334DF1}.Debug|Any CPU.ActiveCfg = Debug|Any CPU
		{8022C6EE-38C1-42C8-924A-9AA7E2334DF1}.Debug|Any CPU.Build.0 = Debug|Any CPU
		{8022C6EE-38C1-42C8-924A-9AA7E2334DF1}.Release|Any CPU.ActiveCfg = Release|Any CPU
		{8022C6EE-38C1-42C8-924A-9AA7E2334DF1}.Release|Any CPU.Build.0 = Release|Any CPU
		{AE49054E-9426-4273-8B4F-F2212B6145C9}.Debug|Any CPU.ActiveCfg = Debug|Any CPU
		{AE49054E-9426-4273-8B4F-F2212B6145C9}.Debug|Any CPU.Build.0 = Debug|Any CPU
		{AE49054E-9426-4273-8B4F-F2212B6145C9}.Release|Any CPU.ActiveCfg = Release|Any CPU
		{AE49054E-9426-4273-8B4F-F2212B6145C9}.Release|Any CPU.Build.0 = Release|Any CPU
		{57743CC7-402D-4528-BB86-8C30FA4848D5}.Debug|Any CPU.ActiveCfg = Debug|Any CPU
		{57743CC7-402D-4528-BB86-8C30FA4848D5}.Debug|Any CPU.Build.0 = Debug|Any CPU
		{57743CC7-402D-4528-BB86-8C30FA4848D5}.Release|Any CPU.ActiveCfg = Release|Any CPU
		{57743CC7-402D-4528-BB86-8C30FA4848D5}.Release|Any CPU.Build.0 = Release|Any CPU
	EndGlobalSection
EndGlobal
